
Microsoft Visual Studio Solution File, Format Version 12.00
# Visual Studio 15
VisualStudioVersion = 15.0.27428.2027
MinimumVisualStudioVersion = 10.0.40219.1
Project("{FAE04EC0-301F-11D3-BF4B-00C04F79EFBC}") = "WebApiSkeleton", "WebApiSkeleton\WebApiSkeleton.csproj", "{3439092C-805C-4FD1-A6F4-F3AC951BCE41}"
EndProject
Project("{FAE04EC0-301F-11D3-BF4B-00C04F79EFBC}") = "WebApi", "WebApi\WebApi.csproj", "{52483B96-5DC1-445B-8CE6-85DD8072DEBA}"
EndProject
Project("{FAE04EC0-301F-11D3-BF4B-00C04F79EFBC}") = "WebApi.Tests", "WebApi.Tests\WebApi.Tests.csproj", "{40F34C19-6F8A-43C4-B586-1A928F638E7C}"
EndProject
Global
	GlobalSection(SolutionConfigurationPlatforms) = preSolution
		Debug|Any CPU = Debug|Any CPU
		Release|Any CPU = Release|Any CPU
	EndGlobalSection
	GlobalSection(ProjectConfigurationPlatforms) = postSolution
		{3439092C-805C-4FD1-A6F4-F3AC951BCE41}.Debug|Any CPU.ActiveCfg = Debug|Any CPU
		{3439092C-805C-4FD1-A6F4-F3AC951BCE41}.Debug|Any CPU.Build.0 = Debug|Any CPU
		{3439092C-805C-4FD1-A6F4-F3AC951BCE41}.Release|Any CPU.ActiveCfg = Release|Any CPU
		{3439092C-805C-4FD1-A6F4-F3AC951BCE41}.Release|Any CPU.Build.0 = Release|Any CPU
		{52483B96-5DC1-445B-8CE6-85DD8072DEBA}.Debug|Any CPU.ActiveCfg = Debug|Any CPU
		{52483B96-5DC1-445B-8CE6-85DD8072DEBA}.Debug|Any CPU.Build.0 = Debug|Any CPU
		{52483B96-5DC1-445B-8CE6-85DD8072DEBA}.Release|Any CPU.ActiveCfg = Release|Any CPU
		{52483B96-5DC1-445B-8CE6-85DD8072DEBA}.Release|Any CPU.Build.0 = Release|Any CPU
		{40F34C19-6F8A-43C4-B586-1A928F638E7C}.Debug|Any CPU.ActiveCfg = Debug|Any CPU
		{40F34C19-6F8A-43C4-B586-1A928F638E7C}.Debug|Any CPU.Build.0 = Debug|Any CPU
		{40F34C19-6F8A-43C4-B586-1A928F638E7C}.Release|Any CPU.ActiveCfg = Release|Any CPU
		{40F34C19-6F8A-43C4-B586-1A928F638E7C}.Release|Any CPU.Build.0 = Release|Any CPU
	EndGlobalSection
	GlobalSection(SolutionProperties) = preSolution
		HideSolutionNode = FALSE
	EndGlobalSection
	GlobalSection(ExtensibilityGlobals) = postSolution
		SolutionGuid = {80BECF45-6597-4974-8190-C0E1820A658C}
	EndGlobalSection
EndGlobal
